<Project xmlns="http://schemas.microsoft.com/developer/msbuild/2003">
    <PropertyGroup>
        <ProjectGuid>{A44A0FED-8C7D-4848-AEAA-F6B32446B22A}</ProjectGuid>
        <MainSource>GMIOPSrv.dpr</MainSource>
        <Base>True</Base>
        <Config Condition="'$(Config)'==''">Debug</Config>
        <TargetedPlatforms>1</TargetedPlatforms>
        <AppType>Application</AppType>
        <FrameworkType>VCL</FrameworkType>
        <ProjectVersion>18.8</ProjectVersion>
        <Platform Condition="'$(Platform)'==''">Win32</Platform>
    </PropertyGroup>
    <PropertyGroup Condition="'$(Config)'=='Base' or '$(Base)'!=''">
        <Base>true</Base>
    </PropertyGroup>
    <PropertyGroup Condition="('$(Platform)'=='Win32' and '$(Base)'=='true') or '$(Base_Win32)'!=''">
        <Base_Win32>true</Base_Win32>
        <CfgParent>Base</CfgParent>
        <Base>true</Base>
    </PropertyGroup>
    <PropertyGroup Condition="'$(Config)'=='Release' or '$(Cfg_1)'!=''">
        <Cfg_1>true</Cfg_1>
        <CfgParent>Base</CfgParent>
        <Base>true</Base>
    </PropertyGroup>
    <PropertyGroup Condition="('$(Platform)'=='Win32' and '$(Cfg_1)'=='true') or '$(Cfg_1_Win32)'!=''">
        <Cfg_1_Win32>true</Cfg_1_Win32>
        <CfgParent>Cfg_1</CfgParent>
        <Cfg_1>true</Cfg_1>
        <Base>true</Base>
    </PropertyGroup>
    <PropertyGroup Condition="'$(Config)'=='Debug' or '$(Cfg_2)'!=''">
        <Cfg_2>true</Cfg_2>
        <CfgParent>Base</CfgParent>
        <Base>true</Base>
    </PropertyGroup>
    <PropertyGroup Condition="('$(Platform)'=='Win32' and '$(Cfg_2)'=='true') or '$(Cfg_2_Win32)'!=''">
        <Cfg_2_Win32>true</Cfg_2_Win32>
        <CfgParent>Cfg_2</CfgParent>
        <Cfg_2>true</Cfg_2>
        <Base>true</Base>
    </PropertyGroup>
    <PropertyGroup Condition="'$(Base)'!=''">
        <DCC_DcuOutput>DCU</DCC_DcuOutput>
        <BRCC_CompilerToUse>rc</BRCC_CompilerToUse>
        <DCC_FOR_LOOP_VAR_UNDEF>error</DCC_FOR_LOOP_VAR_UNDEF>
        <DCC_FOR_LOOP_VAR_VARPAR>error</DCC_FOR_LOOP_VAR_VARPAR>
        <DCC_UNIT_PLATFORM>false</DCC_UNIT_PLATFORM>
        <DCC_USE_BEFORE_DEF>error</DCC_USE_BEFORE_DEF>
        <Icon_MainIcon>GMIOPSrv.ico</Icon_MainIcon>
        <Manifest_File>None</Manifest_File>
        <DCC_IntegerOverflowCheck>true</DCC_IntegerOverflowCheck>
        <VerInfo_Locale>1049</VerInfo_Locale>
        <DCC_SYMBOL_PLATFORM>false</DCC_SYMBOL_PLATFORM>
        <DCC_SymbolReferenceInfo>1</DCC_SymbolReferenceInfo>
        <DCC_E>false</DCC_E>
        <VerInfo_MinorVer>2</VerInfo_MinorVer>
        <DCC_MapFile>3</DCC_MapFile>
        <DCC_K>false</DCC_K>
        <DCC_ImageBase>00400000</DCC_ImageBase>
        <DCC_N>true</DCC_N>
        <DCC_Namespace>Vcl;Vcl.Imaging;Vcl.Touch;Vcl.Samples;Vcl.Shell;System;Xml;Data;Datasnap;Web;Soap;Winapi;Web.Win;System.Win;Data.Win;$(DCC_Namespace)</DCC_Namespace>
        <DCC_RangeChecking>true</DCC_RangeChecking>
        <VerInfo_Keys>CompanyName=ООО «Сириус АТМ», Екатеринбург;FileDescription=Сервер опроса Инженерные сети онлайн;FileVersion=1.2.1.324;InternalName=;LegalCopyright=© Sirius ATM;LegalTrademarks=;OriginalFilename=GMIOPSrv.exe;ProductName=Сервер опроса Инженерные сети онлайн;ProductVersion=1.2;Comments=www.siriusatm.ru;Build Date=17.02.2014 16:33:28</VerInfo_Keys>
        <DCC_UsePackage>vcl;rtl;vclx;indy;inet;xmlrtl;vclie;inetdbbde;inetdbxpress;dbrtl;dsnap;dsnapcon;vcldb;soaprtl;VclSmp;dbexpress;dbxcds;inetdb;bdertl;vcldbx;webdsnap;websnap;adortl;ibxpress;teeui;teedb;tee;dss;visualclx;visualdbclx;vclactnband;vclshlctrls;IntrawebDB_50_70;Intraweb_50_70;Rave50CLX;Rave50VCL;dclOffice2k;DIE;RxBde7;RxDB7;RxCtl7;vclSvComV7D7;VirtualTreesD7;vclSvComV7D7;vclSvComV7D7;$(DCC_UsePackage)</DCC_UsePackage>
        <VerInfo_IncludeVerInfo>true</VerInfo_IncludeVerInfo>
        <DCC_Define>FullDebugModeInIDE;ClearLogFileOnStartup;LogErrorsToFile;LogMemoryLeakDetailToFile;EnableMemoryLeakReporting;NeverSleepOnThreadContention;UseSwitchToThread;GMIOSRV;MESSAGE_COM_LOG;SQL_APP;$(DCC_Define)</DCC_Define>
        <DCC_Optimize>false</DCC_Optimize>
        <VerInfo_Build>324</VerInfo_Build>
        <DCC_UnitSearchPath>..\SharedSrc;..\ThirdParty\FastMM;..\ThirdParty\Zeos;..\ThirdParty\Zeos\component;..\ThirdParty\Zeos\core;..\ThirdParty\Zeos\dbc;..\ThirdParty\Zeos\parsesql;..\ThirdParty\Zeos\plain;..\ThirdParty\VT\Source;..\ThirdParty\DateComboBox;..\ThirdParty\VT\Resources;..\ThirdParty\VT;..\ThirdParty\JEDI\jvcl\run;..\ThirdParty\JEDI\jvcl\common;..\ThirdParty\JEDI\jcl\source;..\ThirdParty\JEDI\jcl\source\Include;..\ThirdParty\JEDI\jcl\source\Common;..\ThirdParty\JEDI\jcl\source\Windows;..\ThirdParty\JEDI\jvcl\Resources;..\ThirdParty\ES;..\ThirdParty\Log4D;$(DCC_UnitSearchPath)</DCC_UnitSearchPath>
        <VerInfo_Release>1</VerInfo_Release>
        <DCC_S>false</DCC_S>
        <DCC_F>false</DCC_F>
        <SanitizedProjectName>GMIOPSrv</SanitizedProjectName>
    </PropertyGroup>
    <PropertyGroup Condition="'$(Base_Win32)'!=''">
        <DCC_UsePackage>VirtualTreesR;$(DCC_UsePackage)</DCC_UsePackage>
        <VerInfo_Build>0</VerInfo_Build>
        <VerInfo_MinorVer>0</VerInfo_MinorVer>
        <VerInfo_Release>0</VerInfo_Release>
        <VerInfo_Locale>1033</VerInfo_Locale>
        <DCC_Namespace>Datasnap.Win;Soap.Win;Xml.Win;Bde;$(DCC_Namespace)</DCC_Namespace>
        <VerInfo_Keys>CompanyName=;FileVersion=1.0.0.0;InternalName=;LegalCopyright=;LegalTrademarks=;OriginalFilename=;ProductVersion=1.0.0.0;Comments=;ProgramID=com.embarcadero.$(MSBuildProjectName);FileDescription=$(MSBuildProjectName);ProductName=$(MSBuildProjectName)</VerInfo_Keys>
        <Manifest_File>$(BDS)\bin\default_app.manifest</Manifest_File>
        <AppEnableRuntimeThemes>true</AppEnableRuntimeThemes>
        <UWP_DelphiLogo44>$(BDS)\bin\Artwork\Windows\UWP\delphi_UwpDefault_44.png</UWP_DelphiLogo44>
        <UWP_DelphiLogo150>$(BDS)\bin\Artwork\Windows\UWP\delphi_UwpDefault_150.png</UWP_DelphiLogo150>
    </PropertyGroup>
    <PropertyGroup Condition="'$(Cfg_1)'!=''">
        <DCC_AssertionsAtRuntime>false</DCC_AssertionsAtRuntime>
        <DCC_Optimize>true</DCC_Optimize>
        <DCC_LocalDebugSymbols>false</DCC_LocalDebugSymbols>
        <DCC_DebugInformation>0</DCC_DebugInformation>
        <DCC_Define>RELEASE;$(DCC_Define)</DCC_Define>
        <DCC_SymbolReferenceInfo>0</DCC_SymbolReferenceInfo>
    </PropertyGroup>
    <PropertyGroup Condition="'$(Cfg_1_Win32)'!=''">
        <VerInfo_Locale>1033</VerInfo_Locale>
        <VerInfo_MinorVer>0</VerInfo_MinorVer>
        <Manifest_File>$(BDS)\bin\default_app.manifest</Manifest_File>
        <VerInfo_Release>0</VerInfo_Release>
        <VerInfo_Build>0</VerInfo_Build>
        <VerInfo_Keys>CompanyName=;FileVersion=1.0.0.0;InternalName=;LegalCopyright=;LegalTrademarks=;OriginalFilename=;ProductVersion=1.0.0.0;Comments=;ProgramID=com.embarcadero.$(MSBuildProjectName);FileDescription=$(MSBuildProjectName);ProductName=$(MSBuildProjectName)</VerInfo_Keys>
        <AppEnableRuntimeThemes>true</AppEnableRuntimeThemes>
    </PropertyGroup>
    <PropertyGroup Condition="'$(Cfg_2)'!=''">
        <DCC_RemoteDebug>true</DCC_RemoteDebug>
        <DCC_DebugDCUs>true</DCC_DebugDCUs>
        <DCC_DebugInfoInExe>true</DCC_DebugInfoInExe>
        <DCC_GenerateStackFrames>true</DCC_GenerateStackFrames>
        <DCC_Define>DEBUG;$(DCC_Define)</DCC_Define>
    </PropertyGroup>
    <PropertyGroup Condition="'$(Cfg_2_Win32)'!=''">
        <VerInfo_Keys>CompanyName=;FileVersion=1.0.0.0;InternalName=;LegalCopyright=;LegalTrademarks=;OriginalFilename=;ProductVersion=1.0.0.0;Comments=;ProgramID=com.embarcadero.$(MSBuildProjectName);FileDescription=$(MSBuildProjectName);ProductName=$(MSBuildProjectName)</VerInfo_Keys>
        <VerInfo_MinorVer>0</VerInfo_MinorVer>
        <Manifest_File>$(BDS)\bin\default_app.manifest</Manifest_File>
        <VerInfo_Build>0</VerInfo_Build>
        <VerInfo_Release>0</VerInfo_Release>
        <VerInfo_Locale>1033</VerInfo_Locale>
        <Debugger_RunParams>-log</Debugger_RunParams>
        <AppEnableRuntimeThemes>true</AppEnableRuntimeThemes>
        <BT_BuildType>Debug</BT_BuildType>
    </PropertyGroup>
    <ItemGroup>
        <DelphiCompile Include="$(MainSource)">
            <MainSource>MainSource</MainSource>
        </DelphiCompile>
        <RcCompile Include="GMIOPSrv.rc">
            <Form>GMIOPSrv.res</Form>
        </RcCompile>
        <DCCReference Include="IOMain.pas">
            <Form>IOMainFrm</Form>
        </DCCReference>
        <DCCReference Include="..\SharedSrc\GMGlobals.pas"/>
        <DCCReference Include="Frame.EditAggrControl.pas">
            <Form>EditAggrFrame</Form>
            <DesignClass>TFrame</DesignClass>
        </DCCReference>
        <DCCReference Include="Frame.ControlOneAddPrm.pas">
            <Form>ControlOneAddPrmFrame</Form>
            <DesignClass>TFrame</DesignClass>
        </DCCReference>
        <DCCReference Include="..\SharedSrc\GMDBClasses.pas"/>
        <DCCReference Include="..\SharedSrc\GMConst.pas"/>
        <DCCReference Include="CheckConnStr.pas">
            <Form>CheckConnStrDlg</Form>
        </DCCReference>
        <DCCReference Include="..\SharedSrc\VT_Utils.pas"/>
        <DCCReference Include="..\SharedSrc\GMSqlQuery.pas"/>
        <DCCReference Include="SysConfig.pas">
            <Form>SysConfigDlg</Form>
        </DCCReference>
        <DCCReference Include="..\SharedSrc\ProgramLogFile.pas"/>
        <DCCReference Include="..\SharedSrc\GMGenerics.pas"/>
        <DCCReference Include="..\SharedSrc\AppConfigFile.pas"/>
        <DCCReference Include="..\SharedSrc\Threads.Base.pas"/>
        <DCCReference Include="..\SharedSrc\ConnParamsStorage.pas"/>
        <DCCReference Include="..\SharedSrc\BaseNodeReader.pas"/>
        <DCCReference Include="SQLNodeReader.pas"/>
        <DCCReference Include="..\SharedSrc\Frame.NodeTree.pas">
            <Form>frmNodeTree</Form>
            <DesignClass>TFrame</DesignClass>
        </DCCReference>
        <DCCReference Include="..\SharedSrc\UsefulQueries.pas"/>
        <DCCReference Include="UserPermissions.pas">
            <Form>UsersDlg</Form>
            <FormType>dfm</FormType>
        </DCCReference>
        <DCCReference Include="User.pas">
            <Form>UserDlg</Form>
            <FormType>dfm</FormType>
        </DCCReference>
        <DCCReference Include="dmSkin.pas">
            <Form>DataModuleSkin</Form>
            <FormType>dfm</FormType>
            <DesignClass>TDataModule</DesignClass>
        </DCCReference>
        <None Include="ScriptVersion.inc"/>
        <BuildConfiguration Include="Debug">
            <Key>Cfg_2</Key>
            <CfgParent>Base</CfgParent>
        </BuildConfiguration>
        <BuildConfiguration Include="Base">
            <Key>Base</Key>
        </BuildConfiguration>
        <BuildConfiguration Include="Release">
            <Key>Cfg_1</Key>
            <CfgParent>Base</CfgParent>
        </BuildConfiguration>
    </ItemGroup>
    <ProjectExtensions>
        <Borland.Personality>Delphi.Personality.12</Borland.Personality>
        <Borland.ProjectType/>
        <BorlandProject>
            <Delphi.Personality>
                <Source>
                    <Source Name="MainSource">GMIOPSrv.dpr</Source>
                </Source>
                <VersionInfo>
                    <VersionInfo Name="IncludeVerInfo">True</VersionInfo>
                    <VersionInfo Name="AutoIncBuild">False</VersionInfo>
                    <VersionInfo Name="MajorVer">1</VersionInfo>
                    <VersionInfo Name="MinorVer">2</VersionInfo>
                    <VersionInfo Name="Release">1</VersionInfo>
                    <VersionInfo Name="Build">324</VersionInfo>
                    <VersionInfo Name="Debug">False</VersionInfo>
                    <VersionInfo Name="PreRelease">False</VersionInfo>
                    <VersionInfo Name="Special">False</VersionInfo>
                    <VersionInfo Name="Private">False</VersionInfo>
                    <VersionInfo Name="DLL">False</VersionInfo>
                    <VersionInfo Name="Locale">1049</VersionInfo>
                    <VersionInfo Name="CodePage">1251</VersionInfo>
                </VersionInfo>
                <VersionInfoKeys>
                    <VersionInfoKeys Name="CompanyName">ООО «Сириус АТМ», Екатеринбург</VersionInfoKeys>
                    <VersionInfoKeys Name="FileDescription">Сервер опроса Инженерные сети онлайн</VersionInfoKeys>
                    <VersionInfoKeys Name="FileVersion">1.2.1.324</VersionInfoKeys>
                    <VersionInfoKeys Name="InternalName"/>
                    <VersionInfoKeys Name="LegalCopyright">© Sirius ATM</VersionInfoKeys>
                    <VersionInfoKeys Name="LegalTrademarks"/>
                    <VersionInfoKeys Name="OriginalFilename">GMIOPSrv.exe</VersionInfoKeys>
                    <VersionInfoKeys Name="ProductName">Сервер опроса Инженерные сети онлайн</VersionInfoKeys>
                    <VersionInfoKeys Name="ProductVersion">Инженерные сети онлайн 1.2</VersionInfoKeys>
                    <VersionInfoKeys Name="Comments">www.siriusatm.ru</VersionInfoKeys>
                    <VersionInfoKeys Name="Build Date">17.02.2014 16:33:28</VersionInfoKeys>
                </VersionInfoKeys>
                <Excluded_Packages>
                    <Excluded_Packages Name="$(BDSBIN)\dclofficexp260.bpl">Microsoft Office XP Sample Automation Server Wrapper Components</Excluded_Packages>
                </Excluded_Packages>
            </Delphi.Personality>
            <Platforms>
                <Platform value="Win32">True</Platform>
            </Platforms>
        </BorlandProject>
        <ProjectFileVersion>12</ProjectFileVersion>
    </ProjectExtensions>
    <Import Project="$(BDS)\Bin\CodeGear.Delphi.Targets" Condition="Exists('$(BDS)\Bin\CodeGear.Delphi.Targets')"/>
    <Import Project="$(APPDATA)\Embarcadero\$(BDSAPPDATABASEDIR)\$(PRODUCTVERSION)\UserTools.proj" Condition="Exists('$(APPDATA)\Embarcadero\$(BDSAPPDATABASEDIR)\$(PRODUCTVERSION)\UserTools.proj')"/>
</Project>
